// !$*UTF8*$!
{
	archiveVersion = 1;
	classes = {
	};
	objectVersion = 56;
	objects = {

/* Begin PBXBuildFile section */
		8CF212182C35DBC5009AA5EB /* hackathonApp.swift in Sources */ = {isa = PBXBuildFile; fileRef = 8CF212172C35DBC5009AA5EB /* hackathonApp.swift */; };
		8CF2121A2C35DBC5009AA5EB /* QuizSearchView.swift in Sources */ = {isa = PBXBuildFile; fileRef = 8CF212192C35DBC5009AA5EB /* QuizSearchView.swift */; };
		8CF2121C2C35DBC6009AA5EB /* Assets.xcassets in Resources */ = {isa = PBXBuildFile; fileRef = 8CF2121B2C35DBC6009AA5EB /* Assets.xcassets */; };
		8CF2121F2C35DBC6009AA5EB /* Preview Assets.xcassets in Resources */ = {isa = PBXBuildFile; fileRef = 8CF2121E2C35DBC6009AA5EB /* Preview Assets.xcassets */; };
		8CF212282C35E65F009AA5EB /* CustomDropdown.swift in Sources */ = {isa = PBXBuildFile; fileRef = 8CF212272C35E65F009AA5EB /* CustomDropdown.swift */; };
		8CF2122A2C35FC9E009AA5EB /* HomeView.swift in Sources */ = {isa = PBXBuildFile; fileRef = 8CF212292C35FC9E009AA5EB /* HomeView.swift */; };
		8CF2122E2C368495009AA5EB /* ProfileView.swift in Sources */ = {isa = PBXBuildFile; fileRef = 8CF2122D2C368495009AA5EB /* ProfileView.swift */; };
		8CF212302C36BCEB009AA5EB /* DailyQuizCard.swift in Sources */ = {isa = PBXBuildFile; fileRef = 8CF2122F2C36BCEB009AA5EB /* DailyQuizCard.swift */; };
		8CF212322C36BE0D009AA5EB /* QuizView.swift in Sources */ = {isa = PBXBuildFile; fileRef = 8CF212312C36BE0D009AA5EB /* QuizView.swift */; };
		8CF212352C370A02009AA5EB /* QuizModel.swift in Sources */ = {isa = PBXBuildFile; fileRef = 8CF212342C370A02009AA5EB /* QuizModel.swift */; };
		8CF212372C370A5B009AA5EB /* QuizViewModel.swift in Sources */ = {isa = PBXBuildFile; fileRef = 8CF212362C370A5B009AA5EB /* QuizViewModel.swift */; };
		8CF2123A2C3741CC009AA5EB /* QuizCardView.swift in Sources */ = {isa = PBXBuildFile; fileRef = 8CF212392C3741CC009AA5EB /* QuizCardView.swift */; };
		8CF2123D2C374D6B009AA5EB /* ContentView.swift in Sources */ = {isa = PBXBuildFile; fileRef = 8CF2123C2C374D6B009AA5EB /* ContentView.swift */; };
		8CF2123F2C3757A0009AA5EB /* CardViews.swift in Sources */ = {isa = PBXBuildFile; fileRef = 8CF2123E2C3757A0009AA5EB /* CardViews.swift */; };
		8CF212412C3757E8009AA5EB /* ProgressCardView.swift in Sources */ = {isa = PBXBuildFile; fileRef = 8CF212402C3757E8009AA5EB /* ProgressCardView.swift */; };
		8CF212432C375830009AA5EB /* Profile.swift in Sources */ = {isa = PBXBuildFile; fileRef = 8CF212422C375830009AA5EB /* Profile.swift */; };
		8CF212462C37A8FA009AA5EB /* CustomButton.swift in Sources */ = {isa = PBXBuildFile; fileRef = 8CF212452C37A8FA009AA5EB /* CustomButton.swift */; };
		8CF212502C37DE30009AA5EB /* LeaderBoard.swift in Sources */ = {isa = PBXBuildFile; fileRef = 8CF2124F2C37DE30009AA5EB /* LeaderBoard.swift */; };
		8CF212542C382B4D009AA5EB /* ProductView.swift in Sources */ = {isa = PBXBuildFile; fileRef = 8CF212532C382B4C009AA5EB /* ProductView.swift */; };
		8CF212562C3831B2009AA5EB /* ProductViewModel.swift in Sources */ = {isa = PBXBuildFile; fileRef = 8CF212552C3831B2009AA5EB /* ProductViewModel.swift */; };
		8CF212582C3849B1009AA5EB /* Product.swift in Sources */ = {isa = PBXBuildFile; fileRef = 8CF212572C3849B0009AA5EB /* Product.swift */; };
		8CF2125A2C385FD4009AA5EB /* ProductRowView.swift in Sources */ = {isa = PBXBuildFile; fileRef = 8CF212592C385FD4009AA5EB /* ProductRowView.swift */; };
		8CF2125C2C3861F7009AA5EB /* User.swift in Sources */ = {isa = PBXBuildFile; fileRef = 8CF2125B2C3861F7009AA5EB /* User.swift */; };
		8CF2125E2C38659F009AA5EB /* UserRowView.swift in Sources */ = {isa = PBXBuildFile; fileRef = 8CF2125D2C38659F009AA5EB /* UserRowView.swift */; };
		8CF212602C38924F009AA5EB /* AnswerButton.swift in Sources */ = {isa = PBXBuildFile; fileRef = 8CF2125F2C38924F009AA5EB /* AnswerButton.swift */; };
		8CF212622C38934E009AA5EB /* ProgressViewModel.swift in Sources */ = {isa = PBXBuildFile; fileRef = 8CF212612C38934E009AA5EB /* ProgressViewModel.swift */; };
/* End PBXBuildFile section */

/* Begin PBXFileReference section */
		8CF212142C35DBC5009AA5EB /* hackathon.app */ = {isa = PBXFileReference; explicitFileType = wrapper.application; includeInIndex = 0; path = hackathon.app; sourceTree = BUILT_PRODUCTS_DIR; };
		8CF212172C35DBC5009AA5EB /* hackathonApp.swift */ = {isa = PBXFileReference; lastKnownFileType = sourcecode.swift; path = hackathonApp.swift; sourceTree = "<group>"; };
		8CF212192C35DBC5009AA5EB /* QuizSearchView.swift */ = {isa = PBXFileReference; lastKnownFileType = sourcecode.swift; path = QuizSearchView.swift; sourceTree = "<group>"; };
		8CF2121B2C35DBC6009AA5EB /* Assets.xcassets */ = {isa = PBXFileReference; lastKnownFileType = folder.assetcatalog; path = Assets.xcassets; sourceTree = "<group>"; };
		8CF2121E2C35DBC6009AA5EB /* Preview Assets.xcassets */ = {isa = PBXFileReference; lastKnownFileType = folder.assetcatalog; path = "Preview Assets.xcassets"; sourceTree = "<group>"; };
		8CF212272C35E65F009AA5EB /* CustomDropdown.swift */ = {isa = PBXFileReference; lastKnownFileType = sourcecode.swift; path = CustomDropdown.swift; sourceTree = "<group>"; };
		8CF212292C35FC9E009AA5EB /* HomeView.swift */ = {isa = PBXFileReference; lastKnownFileType = sourcecode.swift; path = HomeView.swift; sourceTree = "<group>"; };
		8CF2122D2C368495009AA5EB /* ProfileView.swift */ = {isa = PBXFileReference; lastKnownFileType = sourcecode.swift; path = ProfileView.swift; sourceTree = "<group>"; };
		8CF2122F2C36BCEB009AA5EB /* DailyQuizCard.swift */ = {isa = PBXFileReference; lastKnownFileType = sourcecode.swift; path = DailyQuizCard.swift; sourceTree = "<group>"; };
		8CF212312C36BE0D009AA5EB /* QuizView.swift */ = {isa = PBXFileReference; lastKnownFileType = sourcecode.swift; path = QuizView.swift; sourceTree = "<group>"; };
		8CF212342C370A02009AA5EB /* QuizModel.swift */ = {isa = PBXFileReference; lastKnownFileType = sourcecode.swift; path = QuizModel.swift; sourceTree = "<group>"; };
		8CF212362C370A5B009AA5EB /* QuizViewModel.swift */ = {isa = PBXFileReference; lastKnownFileType = sourcecode.swift; path = QuizViewModel.swift; sourceTree = "<group>"; };
		8CF212392C3741CC009AA5EB /* QuizCardView.swift */ = {isa = PBXFileReference; lastKnownFileType = sourcecode.swift; path = QuizCardView.swift; sourceTree = "<group>"; };
		8CF2123C2C374D6B009AA5EB /* ContentView.swift */ = {isa = PBXFileReference; lastKnownFileType = sourcecode.swift; path = ContentView.swift; sourceTree = "<group>"; };
		8CF2123E2C3757A0009AA5EB /* CardViews.swift */ = {isa = PBXFileReference; lastKnownFileType = sourcecode.swift; path = CardViews.swift; sourceTree = "<group>"; };
		8CF212402C3757E8009AA5EB /* ProgressCardView.swift */ = {isa = PBXFileReference; lastKnownFileType = sourcecode.swift; path = ProgressCardView.swift; sourceTree = "<group>"; };
		8CF212422C375830009AA5EB /* Profile.swift */ = {isa = PBXFileReference; lastKnownFileType = sourcecode.swift; path = Profile.swift; sourceTree = "<group>"; };
		8CF212452C37A8FA009AA5EB /* CustomButton.swift */ = {isa = PBXFileReference; lastKnownFileType = sourcecode.swift; path = CustomButton.swift; sourceTree = "<group>"; };
		8CF2124F2C37DE30009AA5EB /* LeaderBoard.swift */ = {isa = PBXFileReference; lastKnownFileType = sourcecode.swift; path = LeaderBoard.swift; sourceTree = "<group>"; };
		8CF212532C382B4C009AA5EB /* ProductView.swift */ = {isa = PBXFileReference; lastKnownFileType = sourcecode.swift; path = ProductView.swift; sourceTree = "<group>"; };
		8CF212552C3831B2009AA5EB /* ProductViewModel.swift */ = {isa = PBXFileReference; lastKnownFileType = sourcecode.swift; path = ProductViewModel.swift; sourceTree = "<group>"; };
		8CF212572C3849B0009AA5EB /* Product.swift */ = {isa = PBXFileReference; lastKnownFileType = sourcecode.swift; path = Product.swift; sourceTree = "<group>"; };
		8CF212592C385FD4009AA5EB /* ProductRowView.swift */ = {isa = PBXFileReference; lastKnownFileType = sourcecode.swift; path = ProductRowView.swift; sourceTree = "<group>"; };
		8CF2125B2C3861F7009AA5EB /* User.swift */ = {isa = PBXFileReference; lastKnownFileType = sourcecode.swift; path = User.swift; sourceTree = "<group>"; };
		8CF2125D2C38659F009AA5EB /* UserRowView.swift */ = {isa = PBXFileReference; lastKnownFileType = sourcecode.swift; path = UserRowView.swift; sourceTree = "<group>"; };
		8CF2125F2C38924F009AA5EB /* AnswerButton.swift */ = {isa = PBXFileReference; lastKnownFileType = sourcecode.swift; path = AnswerButton.swift; sourceTree = "<group>"; };
		8CF212612C38934E009AA5EB /* ProgressViewModel.swift */ = {isa = PBXFileReference; lastKnownFileType = sourcecode.swift; path = ProgressViewModel.swift; sourceTree = "<group>"; };
/* End PBXFileReference section */

/* Begin PBXFrameworksBuildPhase section */
		8CF212112C35DBC5009AA5EB /* Frameworks */ = {
			isa = PBXFrameworksBuildPhase;
			buildActionMask = 2147483647;
			files = (
			);
			runOnlyForDeploymentPostprocessing = 0;
		};
/* End PBXFrameworksBuildPhase section */

/* Begin PBXGroup section */
		8CF2120B2C35DBC5009AA5EB = {
			isa = PBXGroup;
			children = (
				8CF212162C35DBC5009AA5EB /* hackathon */,
				8CF212152C35DBC5009AA5EB /* Products */,
			);
			sourceTree = "<group>";
		};
		8CF212152C35DBC5009AA5EB /* Products */ = {
			isa = PBXGroup;
			children = (
				8CF212142C35DBC5009AA5EB /* hackathon.app */,
			);
			name = Products;
			sourceTree = "<group>";
		};
		8CF212162C35DBC5009AA5EB /* hackathon */ = {
			isa = PBXGroup;
			children = (
				8CF212642C389BF8009AA5EB /* Resources */,
				8CF2124C2C37B441009AA5EB /* Scenes */,
				8CF212472C37B3A6009AA5EB /* App */,
				8CF212442C37A8DE009AA5EB /* Reusable Components */,
				8CF212382C3741B8009AA5EB /* CustomViews */,
				8CF2121D2C35DBC6009AA5EB /* Preview Content */,
				8CF212332C3709EE009AA5EB /* Models */,
			);
			path = hackathon;
			sourceTree = "<group>";
		};
		8CF2121D2C35DBC6009AA5EB /* Preview Content */ = {
			isa = PBXGroup;
			children = (
				8CF2121E2C35DBC6009AA5EB /* Preview Assets.xcassets */,
			);
			path = "Preview Content";
			sourceTree = "<group>";
		};
		8CF212332C3709EE009AA5EB /* Models */ = {
			isa = PBXGroup;
			children = (
				8CF212342C370A02009AA5EB /* QuizModel.swift */,
				8CF212572C3849B0009AA5EB /* Product.swift */,
				8CF2125B2C3861F7009AA5EB /* User.swift */,
			);
			path = Models;
			sourceTree = "<group>";
		};
		8CF212382C3741B8009AA5EB /* CustomViews */ = {
			isa = PBXGroup;
			children = (
				8CF2122F2C36BCEB009AA5EB /* DailyQuizCard.swift */,
				8CF2123E2C3757A0009AA5EB /* CardViews.swift */,
				8CF212402C3757E8009AA5EB /* ProgressCardView.swift */,
				8CF212422C375830009AA5EB /* Profile.swift */,
				8CF212392C3741CC009AA5EB /* QuizCardView.swift */,
				8CF212612C38934E009AA5EB /* ProgressViewModel.swift */,
			);
			path = CustomViews;
			sourceTree = "<group>";
		};
		8CF2123B2C374D56009AA5EB /* Content */ = {
			isa = PBXGroup;
			children = (
				8CF2123C2C374D6B009AA5EB /* ContentView.swift */,
			);
			path = Content;
			sourceTree = "<group>";
		};
		8CF212442C37A8DE009AA5EB /* Reusable Components */ = {
			isa = PBXGroup;
			children = (
				8CF212452C37A8FA009AA5EB /* CustomButton.swift */,
				8CF212272C35E65F009AA5EB /* CustomDropdown.swift */,
				8CF2125F2C38924F009AA5EB /* AnswerButton.swift */,
			);
			path = "Reusable Components";
			sourceTree = "<group>";
		};
		8CF212472C37B3A6009AA5EB /* App */ = {
			isa = PBXGroup;
			children = (
				8CF212172C35DBC5009AA5EB /* hackathonApp.swift */,
			);
			path = App;
			sourceTree = "<group>";
		};
		8CF212492C37B3D9009AA5EB /* Home */ = {
			isa = PBXGroup;
			children = (
				8CF212292C35FC9E009AA5EB /* HomeView.swift */,
				8CF212192C35DBC5009AA5EB /* QuizSearchView.swift */,
				8CF212362C370A5B009AA5EB /* QuizViewModel.swift */,
			);
			path = Home;
			sourceTree = "<group>";
		};
		8CF2124A2C37B3F8009AA5EB /* Profile */ = {
			isa = PBXGroup;
			children = (
				8CF2122D2C368495009AA5EB /* ProfileView.swift */,
			);
			path = Profile;
			sourceTree = "<group>";
		};
		8CF2124B2C37B406009AA5EB /* Quiz */ = {
			isa = PBXGroup;
			children = (
				8CF212312C36BE0D009AA5EB /* QuizView.swift */,
			);
			path = Quiz;
			sourceTree = "<group>";
		};
		8CF2124C2C37B441009AA5EB /* Scenes */ = {
			isa = PBXGroup;
			children = (
				8CF2123B2C374D56009AA5EB /* Content */,
				8CF212522C382B3D009AA5EB /* Products */,
				8CF212512C37DE6E009AA5EB /* LeaderBoard */,
				8CF212492C37B3D9009AA5EB /* Home */,
				8CF2124B2C37B406009AA5EB /* Quiz */,
				8CF2124A2C37B3F8009AA5EB /* Profile */,
			);
			path = Scenes;
			sourceTree = "<group>";
		};
		8CF212512C37DE6E009AA5EB /* LeaderBoard */ = {
			isa = PBXGroup;
			children = (
				8CF2124F2C37DE30009AA5EB /* LeaderBoard.swift */,
				8CF2125D2C38659F009AA5EB /* UserRowView.swift */,
			);
			path = LeaderBoard;
			sourceTree = "<group>";
		};
		8CF212522C382B3D009AA5EB /* Products */ = {
			isa = PBXGroup;
			children = (
				8CF212532C382B4C009AA5EB /* ProductView.swift */,
				8CF212552C3831B2009AA5EB /* ProductViewModel.swift */,
				8CF212592C385FD4009AA5EB /* ProductRowView.swift */,
			);
			path = Products;
			sourceTree = "<group>";
		};
		8CF212642C389BF8009AA5EB /* Resources */ = {
			isa = PBXGroup;
			children = (
				8CF2121B2C35DBC6009AA5EB /* Assets.xcassets */,
			);
			path = Resources;
			sourceTree = "<group>";
		};
/* End PBXGroup section */

/* Begin PBXNativeTarget section */
		8CF212132C35DBC5009AA5EB /* hackathon */ = {
			isa = PBXNativeTarget;
			buildConfigurationList = 8CF212222C35DBC6009AA5EB /* Build configuration list for PBXNativeTarget "hackathon" */;
			buildPhases = (
				8CF212102C35DBC5009AA5EB /* Sources */,
				8CF212112C35DBC5009AA5EB /* Frameworks */,
				8CF212122C35DBC5009AA5EB /* Resources */,
			);
			buildRules = (
			);
			dependencies = (
			);
			name = hackathon;
			productName = hackathon;
			productReference = 8CF212142C35DBC5009AA5EB /* hackathon.app */;
			productType = "com.apple.product-type.application";
		};
/* End PBXNativeTarget section */

/* Begin PBXProject section */
		8CF2120C2C35DBC5009AA5EB /* Project object */ = {
			isa = PBXProject;
			attributes = {
				BuildIndependentTargetsInParallel = 1;
				LastSwiftUpdateCheck = 1540;
				LastUpgradeCheck = 1540;
				TargetAttributes = {
					8CF212132C35DBC5009AA5EB = {
						CreatedOnToolsVersion = 15.4;
					};
				};
			};
			buildConfigurationList = 8CF2120F2C35DBC5009AA5EB /* Build configuration list for PBXProject "hackathon" */;
			compatibilityVersion = "Xcode 14.0";
			developmentRegion = en;
			hasScannedForEncodings = 0;
			knownRegions = (
				en,
				Base,
			);
			mainGroup = 8CF2120B2C35DBC5009AA5EB;
			productRefGroup = 8CF212152C35DBC5009AA5EB /* Products */;
			projectDirPath = "";
			projectRoot = "";
			targets = (
				8CF212132C35DBC5009AA5EB /* hackathon */,
			);
		};
/* End PBXProject section */

/* Begin PBXResourcesBuildPhase section */
		8CF212122C35DBC5009AA5EB /* Resources */ = {
			isa = PBXResourcesBuildPhase;
			buildActionMask = 2147483647;
			files = (
				8CF2121F2C35DBC6009AA5EB /* Preview Assets.xcassets in Resources */,
				8CF2121C2C35DBC6009AA5EB /* Assets.xcassets in Resources */,
			);
			runOnlyForDeploymentPostprocessing = 0;
		};
/* End PBXResourcesBuildPhase section */

/* Begin PBXSourcesBuildPhase section */
		8CF212102C35DBC5009AA5EB /* Sources */ = {
			isa = PBXSourcesBuildPhase;
			buildActionMask = 2147483647;
			files = (
				8CF2123A2C3741CC009AA5EB /* QuizCardView.swift in Sources */,
				8CF212502C37DE30009AA5EB /* LeaderBoard.swift in Sources */,
				8CF212432C375830009AA5EB /* Profile.swift in Sources */,
				8CF212622C38934E009AA5EB /* ProgressViewModel.swift in Sources */,
				8CF2123F2C3757A0009AA5EB /* CardViews.swift in Sources */,
				8CF212322C36BE0D009AA5EB /* QuizView.swift in Sources */,
				8CF212542C382B4D009AA5EB /* ProductView.swift in Sources */,
				8CF212462C37A8FA009AA5EB /* CustomButton.swift in Sources */,
				8CF2122A2C35FC9E009AA5EB /* HomeView.swift in Sources */,
				8CF2125E2C38659F009AA5EB /* UserRowView.swift in Sources */,
				8CF212372C370A5B009AA5EB /* QuizViewModel.swift in Sources */,
				8CF2121A2C35DBC5009AA5EB /* QuizSearchView.swift in Sources */,
				8CF212352C370A02009AA5EB /* QuizModel.swift in Sources */,
				8CF212302C36BCEB009AA5EB /* DailyQuizCard.swift in Sources */,
				8CF212182C35DBC5009AA5EB /* hackathonApp.swift in Sources */,
				8CF2125C2C3861F7009AA5EB /* User.swift in Sources */,
				8CF2122E2C368495009AA5EB /* ProfileView.swift in Sources */,
				8CF212562C3831B2009AA5EB /* ProductViewModel.swift in Sources */,
				8CF2125A2C385FD4009AA5EB /* ProductRowView.swift in Sources */,
				8CF212602C38924F009AA5EB /* AnswerButton.swift in Sources */,
				8CF212412C3757E8009AA5EB /* ProgressCardView.swift in Sources */,
				8CF212282C35E65F009AA5EB /* CustomDropdown.swift in Sources */,
				8CF212582C3849B1009AA5EB /* Product.swift in Sources */,
				8CF2123D2C374D6B009AA5EB /* ContentView.swift in Sources */,
			);
			runOnlyForDeploymentPostprocessing = 0;
		};
/* End PBXSourcesBuildPhase section */

/* Begin XCBuildConfiguration section */
		8CF212202C35DBC6009AA5EB /* Debug */ = {
			isa = XCBuildConfiguration;
			buildSettings = {
				ALWAYS_SEARCH_USER_PATHS = NO;
				ASSETCATALOG_COMPILER_GENERATE_SWIFT_ASSET_SYMBOL_EXTENSIONS = YES;
				CLANG_ANALYZER_NONNULL = YES;
				CLANG_ANALYZER_NUMBER_OBJECT_CONVERSION = YES_AGGRESSIVE;
				CLANG_CXX_LANGUAGE_STANDARD = "gnu++20";
				CLANG_ENABLE_MODULES = YES;
				CLANG_ENABLE_OBJC_ARC = YES;
				CLANG_ENABLE_OBJC_WEAK = YES;
				CLANG_WARN_BLOCK_CAPTURE_AUTORELEASING = YES;
				CLANG_WARN_BOOL_CONVERSION = YES;
				CLANG_WARN_COMMA = YES;
				CLANG_WARN_CONSTANT_CONVERSION = YES;
				CLANG_WARN_DEPRECATED_OBJC_IMPLEMENTATIONS = YES;
				CLANG_WARN_DIRECT_OBJC_ISA_USAGE = YES_ERROR;
				CLANG_WARN_DOCUMENTATION_COMMENTS = YES;
				CLANG_WARN_EMPTY_BODY = YES;
				CLANG_WARN_ENUM_CONVERSION = YES;
				CLANG_WARN_INFINITE_RECURSION = YES;
				CLANG_WARN_INT_CONVERSION = YES;
				CLANG_WARN_NON_LITERAL_NULL_CONVERSION = YES;
				CLANG_WARN_OBJC_IMPLICIT_RETAIN_SELF = YES;
				CLANG_WARN_OBJC_LITERAL_CONVERSION = YES;
				CLANG_WARN_OBJC_ROOT_CLASS = YES_ERROR;
				CLANG_WARN_QUOTED_INCLUDE_IN_FRAMEWORK_HEADER = YES;
				CLANG_WARN_RANGE_LOOP_ANALYSIS = YES;
				CLANG_WARN_STRICT_PROTOTYPES = YES;
				CLANG_WARN_SUSPICIOUS_MOVE = YES;
				CLANG_WARN_UNGUARDED_AVAILABILITY = YES_AGGRESSIVE;
				CLANG_WARN_UNREACHABLE_CODE = YES;
				CLANG_WARN__DUPLICATE_METHOD_MATCH = YES;
				COPY_PHASE_STRIP = NO;
				DEBUG_INFORMATION_FORMAT = dwarf;
				ENABLE_STRICT_OBJC_MSGSEND = YES;
				ENABLE_TESTABILITY = YES;
				ENABLE_USER_SCRIPT_SANDBOXING = YES;
				GCC_C_LANGUAGE_STANDARD = gnu17;
				GCC_DYNAMIC_NO_PIC = NO;
				GCC_NO_COMMON_BLOCKS = YES;
				GCC_OPTIMIZATION_LEVEL = 0;
				GCC_PREPROCESSOR_DEFINITIONS = (
					"DEBUG=1",
					"$(inherited)",
				);
				GCC_WARN_64_TO_32_BIT_CONVERSION = YES;
				GCC_WARN_ABOUT_RETURN_TYPE = YES_ERROR;
				GCC_WARN_UNDECLARED_SELECTOR = YES;
				GCC_WARN_UNINITIALIZED_AUTOS = YES_AGGRESSIVE;
				GCC_WARN_UNUSED_FUNCTION = YES;
				GCC_WARN_UNUSED_VARIABLE = YES;
				IPHONEOS_DEPLOYMENT_TARGET = 17.5;
				LOCALIZATION_PREFERS_STRING_CATALOGS = YES;
				MTL_ENABLE_DEBUG_INFO = INCLUDE_SOURCE;
				MTL_FAST_MATH = YES;
				ONLY_ACTIVE_ARCH = YES;
				SDKROOT = iphoneos;
				SWIFT_ACTIVE_COMPILATION_CONDITIONS = "DEBUG $(inherited)";
				SWIFT_OPTIMIZATION_LEVEL = "-Onone";
			};
			name = Debug;
		};
		8CF212212C35DBC6009AA5EB /* Release */ = {
			isa = XCBuildConfiguration;
			buildSettings = {
				ALWAYS_SEARCH_USER_PATHS = NO;
				ASSETCATALOG_COMPILER_GENERATE_SWIFT_ASSET_SYMBOL_EXTENSIONS = YES;
				CLANG_ANALYZER_NONNULL = YES;
				CLANG_ANALYZER_NUMBER_OBJECT_CONVERSION = YES_AGGRESSIVE;
				CLANG_CXX_LANGUAGE_STANDARD = "gnu++20";
				CLANG_ENABLE_MODULES = YES;
				CLANG_ENABLE_OBJC_ARC = YES;
				CLANG_ENABLE_OBJC_WEAK = YES;
				CLANG_WARN_BLOCK_CAPTURE_AUTORELEASING = YES;
				CLANG_WARN_BOOL_CONVERSION = YES;
				CLANG_WARN_COMMA = YES;
				CLANG_WARN_CONSTANT_CONVERSION = YES;
				CLANG_WARN_DEPRECATED_OBJC_IMPLEMENTATIONS = YES;
				CLANG_WARN_DIRECT_OBJC_ISA_USAGE = YES_ERROR;
				CLANG_WARN_DOCUMENTATION_COMMENTS = YES;
				CLANG_WARN_EMPTY_BODY = YES;
				CLANG_WARN_ENUM_CONVERSION = YES;
				CLANG_WARN_INFINITE_RECURSION = YES;
				CLANG_WARN_INT_CONVERSION = YES;
				CLANG_WARN_NON_LITERAL_NULL_CONVERSION = YES;
				CLANG_WARN_OBJC_IMPLICIT_RETAIN_SELF = YES;
				CLANG_WARN_OBJC_LITERAL_CONVERSION = YES;
				CLANG_WARN_OBJC_ROOT_CLASS = YES_ERROR;
				CLANG_WARN_QUOTED_INCLUDE_IN_FRAMEWORK_HEADER = YES;
				CLANG_WARN_RANGE_LOOP_ANALYSIS = YES;
				CLANG_WARN_STRICT_PROTOTYPES = YES;
				CLANG_WARN_SUSPICIOUS_MOVE = YES;
				CLANG_WARN_UNGUARDED_AVAILABILITY = YES_AGGRESSIVE;
				CLANG_WARN_UNREACHABLE_CODE = YES;
				CLANG_WARN__DUPLICATE_METHOD_MATCH = YES;
				COPY_PHASE_STRIP = NO;
				DEBUG_INFORMATION_FORMAT = "dwarf-with-dsym";
				ENABLE_NS_ASSERTIONS = NO;
				ENABLE_STRICT_OBJC_MSGSEND = YES;
				ENABLE_USER_SCRIPT_SANDBOXING = YES;
				GCC_C_LANGUAGE_STANDARD = gnu17;
				GCC_NO_COMMON_BLOCKS = YES;
				GCC_WARN_64_TO_32_BIT_CONVERSION = YES;
				GCC_WARN_ABOUT_RETURN_TYPE = YES_ERROR;
				GCC_WARN_UNDECLARED_SELECTOR = YES;
				GCC_WARN_UNINITIALIZED_AUTOS = YES_AGGRESSIVE;
				GCC_WARN_UNUSED_FUNCTION = YES;
				GCC_WARN_UNUSED_VARIABLE = YES;
				IPHONEOS_DEPLOYMENT_TARGET = 17.5;
				LOCALIZATION_PREFERS_STRING_CATALOGS = YES;
				MTL_ENABLE_DEBUG_INFO = NO;
				MTL_FAST_MATH = YES;
				SDKROOT = iphoneos;
				SWIFT_COMPILATION_MODE = wholemodule;
				VALIDATE_PRODUCT = YES;
			};
			name = Release;
		};
		8CF212232C35DBC6009AA5EB /* Debug */ = {
			isa = XCBuildConfiguration;
			buildSettings = {
				ASSETCATALOG_COMPILER_APPICON_NAME = AppIcon;
				ASSETCATALOG_COMPILER_GLOBAL_ACCENT_COLOR_NAME = AccentColor;
				CODE_SIGN_STYLE = Automatic;
				CURRENT_PROJECT_VERSION = 1;
				DEVELOPMENT_ASSET_PATHS = "\"hackathon/Preview Content\"";
				DEVELOPMENT_TEAM = FQNA3Y5XC9;
				ENABLE_PREVIEWS = YES;
				GENERATE_INFOPLIST_FILE = YES;
				INFOPLIST_KEY_UIApplicationSceneManifest_Generation = YES;
				INFOPLIST_KEY_UIApplicationSupportsIndirectInputEvents = YES;
				INFOPLIST_KEY_UILaunchScreen_Generation = YES;
				INFOPLIST_KEY_UISupportedInterfaceOrientations_iPad = "UIInterfaceOrientationPortrait UIInterfaceOrientationPortraitUpsideDown UIInterfaceOrientationLandscapeLeft UIInterfaceOrientationLandscapeRight";
				INFOPLIST_KEY_UISupportedInterfaceOrientations_iPhone = "UIInterfaceOrientationPortrait UIInterfaceOrientationLandscapeLeft UIInterfaceOrientationLandscapeRight";
				LD_RUNPATH_SEARCH_PATHS = (
					"$(inherited)",
					"@executable_path/Frameworks",
				);
				MARKETING_VERSION = 1.0;
				PRODUCT_BUNDLE_IDENTIFIER = ge.academy.hackathon;
				PRODUCT_NAME = "$(TARGET_NAME)";
				SWIFT_EMIT_LOC_STRINGS = YES;
				SWIFT_VERSION = 5.0;
				TARGETED_DEVICE_FAMILY = "1,2";
			};
			name = Debug;
		};
		8CF212242C35DBC6009AA5EB /* Release */ = {
			isa = XCBuildConfiguration;
			buildSettings = {
				ASSETCATALOG_COMPILER_APPICON_NAME = AppIcon;
				ASSETCATALOG_COMPILER_GLOBAL_ACCENT_COLOR_NAME = AccentColor;
				CODE_SIGN_STYLE = Automatic;
				CURRENT_PROJECT_VERSION = 1;
				DEVELOPMENT_ASSET_PATHS = "\"hackathon/Preview Content\"";
				DEVELOPMENT_TEAM = FQNA3Y5XC9;
				ENABLE_PREVIEWS = YES;
				GENERATE_INFOPLIST_FILE = YES;
				INFOPLIST_KEY_UIApplicationSceneManifest_Generation = YES;
				INFOPLIST_KEY_UIApplicationSupportsIndirectInputEvents = YES;
				INFOPLIST_KEY_UILaunchScreen_Generation = YES;
				INFOPLIST_KEY_UISupportedInterfaceOrientations_iPad = "UIInterfaceOrientationPortrait UIInterfaceOrientationPortraitUpsideDown UIInterfaceOrientationLandscapeLeft UIInterfaceOrientationLandscapeRight";
				INFOPLIST_KEY_UISupportedInterfaceOrientations_iPhone = "UIInterfaceOrientationPortrait UIInterfaceOrientationLandscapeLeft UIInterfaceOrientationLandscapeRight";
				LD_RUNPATH_SEARCH_PATHS = (
					"$(inherited)",
					"@executable_path/Frameworks",
				);
				MARKETING_VERSION = 1.0;
				PRODUCT_BUNDLE_IDENTIFIER = ge.academy.hackathon;
				PRODUCT_NAME = "$(TARGET_NAME)";
				SWIFT_EMIT_LOC_STRINGS = YES;
				SWIFT_VERSION = 5.0;
				TARGETED_DEVICE_FAMILY = "1,2";
			};
			name = Release;
		};
/* End XCBuildConfiguration section */

/* Begin XCConfigurationList section */
		8CF2120F2C35DBC5009AA5EB /* Build configuration list for PBXProject "hackathon" */ = {
			isa = XCConfigurationList;
			buildConfigurations = (
				8CF212202C35DBC6009AA5EB /* Debug */,
				8CF212212C35DBC6009AA5EB /* Release */,
			);
			defaultConfigurationIsVisible = 0;
			defaultConfigurationName = Release;
		};
		8CF212222C35DBC6009AA5EB /* Build configuration list for PBXNativeTarget "hackathon" */ = {
			isa = XCConfigurationList;
			buildConfigurations = (
				8CF212232C35DBC6009AA5EB /* Debug */,
				8CF212242C35DBC6009AA5EB /* Release */,
			);
			defaultConfigurationIsVisible = 0;
			defaultConfigurationName = Release;
		};
/* End XCConfigurationList section */
	};
	rootObject = 8CF2120C2C35DBC5009AA5EB /* Project object */;
}
